
Microsoft Visual Studio Solution File, Format Version 12.00
# Visual Studio Version 17
VisualStudioVersion = 17.0.31903.59
MinimumVisualStudioVersion = 10.0.40219.1
Project("{2150E333-8FDC-42A3-9474-1A3956D46DE8}") = "mauitest", "mauitest", "{C1D40981-A2A5-4093-B4C4-BEE45CAFE2E4}"
EndProject
Project("{FAE04EC0-301F-11D3-BF4B-00C04F79EFBC}") = "mauitest", "mauitest\mauitest\mauitest.csproj", "{812F0335-4689-4E60-AA11-169A62FD8188}"
EndProject
Project("{FAE04EC0-301F-11D3-BF4B-00C04F79EFBC}") = "mauitest.iOS", "mauitest\mauitest.iOS\mauitest.iOS.csproj", "{A714D6CB-9244-45CE-BE95-F13CF05464A8}"
EndProject
Project("{FAE04EC0-301F-11D3-BF4B-00C04F79EFBC}") = "mauitest.Droid", "mauitest\mauitest.Droid\mauitest.Droid.csproj", "{CE2DB67F-05FE-459F-8F7D-BE05EDC69D7B}"
EndProject
Global
	GlobalSection(SolutionConfigurationPlatforms) = preSolution
		Debug|Any CPU = Debug|Any CPU
		Release|Any CPU = Release|Any CPU
	EndGlobalSection
	GlobalSection(SolutionProperties) = preSolution
		HideSolutionNode = FALSE
	EndGlobalSection
	GlobalSection(ProjectConfigurationPlatforms) = postSolution
		{812F0335-4689-4E60-AA11-169A62FD8188}.Debug|Any CPU.ActiveCfg = Debug|Any CPU
		{812F0335-4689-4E60-AA11-169A62FD8188}.Debug|Any CPU.Build.0 = Debug|Any CPU
		{812F0335-4689-4E60-AA11-169A62FD8188}.Release|Any CPU.ActiveCfg = Release|Any CPU
		{812F0335-4689-4E60-AA11-169A62FD8188}.Release|Any CPU.Build.0 = Release|Any CPU
		{A714D6CB-9244-45CE-BE95-F13CF05464A8}.Debug|Any CPU.ActiveCfg = Debug|Any CPU
		{A714D6CB-9244-45CE-BE95-F13CF05464A8}.Debug|Any CPU.Build.0 = Debug|Any CPU
		{A714D6CB-9244-45CE-BE95-F13CF05464A8}.Release|Any CPU.ActiveCfg = Release|Any CPU
		{A714D6CB-9244-45CE-BE95-F13CF05464A8}.Release|Any CPU.Build.0 = Release|Any CPU
		{CE2DB67F-05FE-459F-8F7D-BE05EDC69D7B}.Debug|Any CPU.ActiveCfg = Debug|Any CPU
		{CE2DB67F-05FE-459F-8F7D-BE05EDC69D7B}.Debug|Any CPU.Build.0 = Debug|Any CPU
		{CE2DB67F-05FE-459F-8F7D-BE05EDC69D7B}.Release|Any CPU.ActiveCfg = Release|Any CPU
		{CE2DB67F-05FE-459F-8F7D-BE05EDC69D7B}.Release|Any CPU.Build.0 = Release|Any CPU
	EndGlobalSection
	GlobalSection(NestedProjects) = preSolution
		{812F0335-4689-4E60-AA11-169A62FD8188} = {C1D40981-A2A5-4093-B4C4-BEE45CAFE2E4}
		{A714D6CB-9244-45CE-BE95-F13CF05464A8} = {C1D40981-A2A5-4093-B4C4-BEE45CAFE2E4}
		{CE2DB67F-05FE-459F-8F7D-BE05EDC69D7B} = {C1D40981-A2A5-4093-B4C4-BEE45CAFE2E4}
	EndGlobalSection
EndGlobal
